<Solution>
  <Configurations>
    <Platform Name="x64" />
  </Configurations>
  <Project Path="GlamourLog/GlamourLog.csproj">
    <Platform Project="x64" />
  </Project>
  <Project Path="FFXIVClientStructs/FFXIVClientStructs/FFXIVClientStructs.csproj" />
  <Project Path="FFXIVClientStructs/InteropGenerator.Runtime/InteropGenerator.Runtime.csproj" />
</Solution>
